
Microsoft Visual Studio Solution File, Format Version 12.00
# Visual Studio Version 17
VisualStudioVersion = 17.13.35825.156 d17.13
MinimumVisualStudioVersion = 10.0.40219.1
Project("{FAE04EC0-301F-11D3-BF4B-00C04F79EFBC}") = "THUCHANH04", "THUCHANH04.csproj", "{10BC892B-52EF-473B-9606-D72213BCC7B3}"
EndProject
Global
	GlobalSection(SolutionConfigurationPlatforms) = preSolution
		Debug|Any CPU = Debug|Any CPU
		Release|Any CPU = Release|Any CPU
	EndGlobalSection
	GlobalSection(ProjectConfigurationPlatforms) = postSolution
		{10BC892B-52EF-473B-9606-D72213BCC7B3}.Debug|Any CPU.ActiveCfg = Debug|Any CPU
		{10BC892B-52EF-473B-9606-D72213BCC7B3}.Debug|Any CPU.Build.0 = Debug|Any CPU
		{10BC892B-52EF-473B-9606-D72213BCC7B3}.Release|Any CPU.ActiveCfg = Release|Any CPU
		{10BC892B-52EF-473B-9606-D72213BCC7B3}.Release|Any CPU.Build.0 = Release|Any CPU
	EndGlobalSection
	GlobalSection(SolutionProperties) = preSolution
		HideSolutionNode = FALSE
	EndGlobalSection
	GlobalSection(ExtensibilityGlobals) = postSolution
		SolutionGuid = {CC843D83-0286-438E-97E4-2392D63FF94C}
	EndGlobalSection
EndGlobal
