
Microsoft Visual Studio Solution File, Format Version 12.00
# Visual Studio Version 17
VisualStudioVersion = 17.13.35825.156 d17.13
MinimumVisualStudioVersion = 10.0.40219.1
Project("{FAE04EC0-301F-11D3-BF4B-00C04F79EFBC}") = "THUCHANH04d", "THUCHANH04d.csproj", "{52E42565-83A1-4F51-8333-084D6E0D9E71}"
EndProject
Global
	GlobalSection(SolutionConfigurationPlatforms) = preSolution
		Debug|Any CPU = Debug|Any CPU
		Release|Any CPU = Release|Any CPU
	EndGlobalSection
	GlobalSection(ProjectConfigurationPlatforms) = postSolution
		{52E42565-83A1-4F51-8333-084D6E0D9E71}.Debug|Any CPU.ActiveCfg = Debug|Any CPU
		{52E42565-83A1-4F51-8333-084D6E0D9E71}.Debug|Any CPU.Build.0 = Debug|Any CPU
		{52E42565-83A1-4F51-8333-084D6E0D9E71}.Release|Any CPU.ActiveCfg = Release|Any CPU
		{52E42565-83A1-4F51-8333-084D6E0D9E71}.Release|Any CPU.Build.0 = Release|Any CPU
	EndGlobalSection
	GlobalSection(SolutionProperties) = preSolution
		HideSolutionNode = FALSE
	EndGlobalSection
	GlobalSection(ExtensibilityGlobals) = postSolution
		SolutionGuid = {991095D4-4AC3-4F5D-92D9-1122C21CA101}
	EndGlobalSection
EndGlobal
